
Microsoft Visual Studio Solution File, Format Version 11.00
# Visual Studio 2010
Project("{2150E333-8FDC-42A3-9474-1A3956D46DE8}") = "UnitTests", "UnitTests", "{7A54D499-CD5F-4665-AA62-1A8BB78BBF5B}"
EndProject
Project("{2150E333-8FDC-42A3-9474-1A3956D46DE8}") = "Logic", "Logic", "{B99A70E1-AE2D-4A14-AD3E-8DFC71B83FC9}"
EndProject
Project("{FAE04EC0-301F-11D3-BF4B-00C04F79EFBC}") = "FuzzyComparers", "Logic\FuzzyComparers\FuzzyComparers.csproj", "{9369AC4A-58EB-4730-A98C-595B7BA5538E}"
EndProject
Project("{FAE04EC0-301F-11D3-BF4B-00C04F79EFBC}") = "FuzzyCore", "Logic\FuzzySet\FuzzyCore.csproj", "{698750ED-B3C1-4135-BC6E-20487E7DD0BA}"
EndProject
Project("{FAE04EC0-301F-11D3-BF4B-00C04F79EFBC}") = "FitnessFunctions", "Logic\FuzzySetFitnessFunctions\FitnessFunctions.csproj", "{98DB42FC-A4F3-4033-BDFF-BC10821E8D4B}"
EndProject
Project("{FAE04EC0-301F-11D3-BF4B-00C04F79EFBC}") = "FuzzySetOperations", "Logic\FuzzySetOperations\FuzzySetOperations.csproj", "{3F228B50-30D1-4A76-BAD3-4A0259770ED9}"
EndProject
Project("{FAE04EC0-301F-11D3-BF4B-00C04F79EFBC}") = "FitnessFunctionsTests", "Tests\LogicTests\FitnessFunctionsTests\FitnessFunctionsTests.csproj", "{53A10C37-4A0D-4EAB-8438-A58C05B3AD40}"
EndProject
Project("{FAE04EC0-301F-11D3-BF4B-00C04F79EFBC}") = "FuzzyComparersTests", "Tests\LogicTests\FuzzyComparersTests\FuzzyComparersTests.csproj", "{653CB58F-504A-484D-9629-0E25B14D1EA5}"
EndProject
Project("{FAE04EC0-301F-11D3-BF4B-00C04F79EFBC}") = "FuzzySetsOperationTests", "Tests\LogicTests\FuzzySetsOperationTests\FuzzySetsOperationTests.csproj", "{EDFBF6E5-A115-4665-8692-8D422A720AF4}"
EndProject
Project("{FAE04EC0-301F-11D3-BF4B-00C04F79EFBC}") = "FuzzySetTests", "Tests\LogicTests\FuzzySetTests\FuzzySetTests.csproj", "{5E858BF9-CA2A-4D12-A17D-F3E7871AF498}"
EndProject
Project("{FAE04EC0-301F-11D3-BF4B-00C04F79EFBC}") = "TestStubs", "Tests\LogicTests\TestStubs\TestStubs.csproj", "{D2575DCF-93D2-49D0-9A44-298EC0617F5D}"
EndProject
Project("{2150E333-8FDC-42A3-9474-1A3956D46DE8}") = "FrontEnd", "FrontEnd", "{20D8AE50-F916-451A-8FAF-E1CC76182E69}"
EndProject
Project("{2150E333-8FDC-42A3-9474-1A3956D46DE8}") = "Examples", "Examples", "{5E0BB65B-B199-41FE-9A89-46B5991135BB}"
EndProject
Project("{FAE04EC0-301F-11D3-BF4B-00C04F79EFBC}") = "EmployeeDistribution", "FrontEnd\Examples\EmployeeDistribution\EmployeeDistribution.csproj", "{8FE786CB-7964-41CE-83F6-790E7329EE88}"
EndProject
Project("{2150E333-8FDC-42A3-9474-1A3956D46DE8}") = "EmployeDistribution", "EmployeDistribution", "{CCDE33E3-3230-4757-9BD4-F84F9FB7D730}"
EndProject
Project("{FAE04EC0-301F-11D3-BF4B-00C04F79EFBC}") = "Presenter", "FrontEnd\Examples\EmployeeDistribution\Presenter\Presenter.csproj", "{08384C35-E819-4CD3-B35F-36E646905ED8}"
EndProject
Project("{FAE04EC0-301F-11D3-BF4B-00C04F79EFBC}") = "PresenterTests", "FrontEnd\Examples\EmployeeDistribution\PresenterTests\PresenterTests.csproj", "{D678076D-ED05-4A21-933F-1E43F07B3FC0}"
EndProject
Project("{FAE04EC0-301F-11D3-BF4B-00C04F79EFBC}") = "FuzzyImagesTests", "Tests\LogicTests\FuzzyImagesTests\FuzzyImagesTests.csproj", "{456BCA0D-FF86-45C1-864D-599D93B4F455}"
EndProject
Global
	GlobalSection(SolutionConfigurationPlatforms) = preSolution
		Debug|Any CPU = Debug|Any CPU
		Debug|Mixed Platforms = Debug|Mixed Platforms
		Debug|x86 = Debug|x86
		Release|Any CPU = Release|Any CPU
		Release|Mixed Platforms = Release|Mixed Platforms
		Release|x86 = Release|x86
	EndGlobalSection
	GlobalSection(ProjectConfigurationPlatforms) = postSolution
		{9369AC4A-58EB-4730-A98C-595B7BA5538E}.Debug|Any CPU.ActiveCfg = Debug|Any CPU
		{9369AC4A-58EB-4730-A98C-595B7BA5538E}.Debug|Any CPU.Build.0 = Debug|Any CPU
		{9369AC4A-58EB-4730-A98C-595B7BA5538E}.Debug|Mixed Platforms.ActiveCfg = Debug|Any CPU
		{9369AC4A-58EB-4730-A98C-595B7BA5538E}.Debug|Mixed Platforms.Build.0 = Debug|Any CPU
		{9369AC4A-58EB-4730-A98C-595B7BA5538E}.Debug|x86.ActiveCfg = Debug|Any CPU
		{9369AC4A-58EB-4730-A98C-595B7BA5538E}.Release|Any CPU.ActiveCfg = Release|Any CPU
		{9369AC4A-58EB-4730-A98C-595B7BA5538E}.Release|Any CPU.Build.0 = Release|Any CPU
		{9369AC4A-58EB-4730-A98C-595B7BA5538E}.Release|Mixed Platforms.ActiveCfg = Release|Any CPU
		{9369AC4A-58EB-4730-A98C-595B7BA5538E}.Release|Mixed Platforms.Build.0 = Release|Any CPU
		{9369AC4A-58EB-4730-A98C-595B7BA5538E}.Release|x86.ActiveCfg = Release|Any CPU
		{698750ED-B3C1-4135-BC6E-20487E7DD0BA}.Debug|Any CPU.ActiveCfg = Debug|Any CPU
		{698750ED-B3C1-4135-BC6E-20487E7DD0BA}.Debug|Any CPU.Build.0 = Debug|Any CPU
		{698750ED-B3C1-4135-BC6E-20487E7DD0BA}.Debug|Mixed Platforms.ActiveCfg = Debug|Any CPU
		{698750ED-B3C1-4135-BC6E-20487E7DD0BA}.Debug|Mixed Platforms.Build.0 = Debug|Any CPU
		{698750ED-B3C1-4135-BC6E-20487E7DD0BA}.Debug|x86.ActiveCfg = Debug|Any CPU
		{698750ED-B3C1-4135-BC6E-20487E7DD0BA}.Release|Any CPU.ActiveCfg = Release|Any CPU
		{698750ED-B3C1-4135-BC6E-20487E7DD0BA}.Release|Any CPU.Build.0 = Release|Any CPU
		{698750ED-B3C1-4135-BC6E-20487E7DD0BA}.Release|Mixed Platforms.ActiveCfg = Release|Any CPU
		{698750ED-B3C1-4135-BC6E-20487E7DD0BA}.Release|Mixed Platforms.Build.0 = Release|Any CPU
		{698750ED-B3C1-4135-BC6E-20487E7DD0BA}.Release|x86.ActiveCfg = Release|Any CPU
		{98DB42FC-A4F3-4033-BDFF-BC10821E8D4B}.Debug|Any CPU.ActiveCfg = Debug|Any CPU
		{98DB42FC-A4F3-4033-BDFF-BC10821E8D4B}.Debug|Any CPU.Build.0 = Debug|Any CPU
		{98DB42FC-A4F3-4033-BDFF-BC10821E8D4B}.Debug|Mixed Platforms.ActiveCfg = Debug|Any CPU
		{98DB42FC-A4F3-4033-BDFF-BC10821E8D4B}.Debug|Mixed Platforms.Build.0 = Debug|Any CPU
		{98DB42FC-A4F3-4033-BDFF-BC10821E8D4B}.Debug|x86.ActiveCfg = Debug|Any CPU
		{98DB42FC-A4F3-4033-BDFF-BC10821E8D4B}.Release|Any CPU.ActiveCfg = Release|Any CPU
		{98DB42FC-A4F3-4033-BDFF-BC10821E8D4B}.Release|Any CPU.Build.0 = Release|Any CPU
		{98DB42FC-A4F3-4033-BDFF-BC10821E8D4B}.Release|Mixed Platforms.ActiveCfg = Release|Any CPU
		{98DB42FC-A4F3-4033-BDFF-BC10821E8D4B}.Release|Mixed Platforms.Build.0 = Release|Any CPU
		{98DB42FC-A4F3-4033-BDFF-BC10821E8D4B}.Release|x86.ActiveCfg = Release|Any CPU
		{3F228B50-30D1-4A76-BAD3-4A0259770ED9}.Debug|Any CPU.ActiveCfg = Debug|Any CPU
		{3F228B50-30D1-4A76-BAD3-4A0259770ED9}.Debug|Any CPU.Build.0 = Debug|Any CPU
		{3F228B50-30D1-4A76-BAD3-4A0259770ED9}.Debug|Mixed Platforms.ActiveCfg = Debug|Any CPU
		{3F228B50-30D1-4A76-BAD3-4A0259770ED9}.Debug|Mixed Platforms.Build.0 = Debug|Any CPU
		{3F228B50-30D1-4A76-BAD3-4A0259770ED9}.Debug|x86.ActiveCfg = Debug|Any CPU
		{3F228B50-30D1-4A76-BAD3-4A0259770ED9}.Release|Any CPU.ActiveCfg = Release|Any CPU
		{3F228B50-30D1-4A76-BAD3-4A0259770ED9}.Release|Any CPU.Build.0 = Release|Any CPU
		{3F228B50-30D1-4A76-BAD3-4A0259770ED9}.Release|Mixed Platforms.ActiveCfg = Release|Any CPU
		{3F228B50-30D1-4A76-BAD3-4A0259770ED9}.Release|Mixed Platforms.Build.0 = Release|Any CPU
		{3F228B50-30D1-4A76-BAD3-4A0259770ED9}.Release|x86.ActiveCfg = Release|Any CPU
		{53A10C37-4A0D-4EAB-8438-A58C05B3AD40}.Debug|Any CPU.ActiveCfg = Debug|Any CPU
		{53A10C37-4A0D-4EAB-8438-A58C05B3AD40}.Debug|Any CPU.Build.0 = Debug|Any CPU
		{53A10C37-4A0D-4EAB-8438-A58C05B3AD40}.Debug|Mixed Platforms.ActiveCfg = Debug|Any CPU
		{53A10C37-4A0D-4EAB-8438-A58C05B3AD40}.Debug|Mixed Platforms.Build.0 = Debug|Any CPU
		{53A10C37-4A0D-4EAB-8438-A58C05B3AD40}.Debug|x86.ActiveCfg = Debug|Any CPU
		{53A10C37-4A0D-4EAB-8438-A58C05B3AD40}.Release|Any CPU.ActiveCfg = Release|Any CPU
		{53A10C37-4A0D-4EAB-8438-A58C05B3AD40}.Release|Any CPU.Build.0 = Release|Any CPU
		{53A10C37-4A0D-4EAB-8438-A58C05B3AD40}.Release|Mixed Platforms.ActiveCfg = Release|Any CPU
		{53A10C37-4A0D-4EAB-8438-A58C05B3AD40}.Release|Mixed Platforms.Build.0 = Release|Any CPU
		{53A10C37-4A0D-4EAB-8438-A58C05B3AD40}.Release|x86.ActiveCfg = Release|Any CPU
		{653CB58F-504A-484D-9629-0E25B14D1EA5}.Debug|Any CPU.ActiveCfg = Debug|Any CPU
		{653CB58F-504A-484D-9629-0E25B14D1EA5}.Debug|Any CPU.Build.0 = Debug|Any CPU
		{653CB58F-504A-484D-9629-0E25B14D1EA5}.Debug|Mixed Platforms.ActiveCfg = Debug|Any CPU
		{653CB58F-504A-484D-9629-0E25B14D1EA5}.Debug|Mixed Platforms.Build.0 = Debug|Any CPU
		{653CB58F-504A-484D-9629-0E25B14D1EA5}.Debug|x86.ActiveCfg = Debug|Any CPU
		{653CB58F-504A-484D-9629-0E25B14D1EA5}.Release|Any CPU.ActiveCfg = Release|Any CPU
		{653CB58F-504A-484D-9629-0E25B14D1EA5}.Release|Any CPU.Build.0 = Release|Any CPU
		{653CB58F-504A-484D-9629-0E25B14D1EA5}.Release|Mixed Platforms.ActiveCfg = Release|Any CPU
		{653CB58F-504A-484D-9629-0E25B14D1EA5}.Release|Mixed Platforms.Build.0 = Release|Any CPU
		{653CB58F-504A-484D-9629-0E25B14D1EA5}.Release|x86.ActiveCfg = Release|Any CPU
		{EDFBF6E5-A115-4665-8692-8D422A720AF4}.Debug|Any CPU.ActiveCfg = Debug|Any CPU
		{EDFBF6E5-A115-4665-8692-8D422A720AF4}.Debug|Any CPU.Build.0 = Debug|Any CPU
		{EDFBF6E5-A115-4665-8692-8D422A720AF4}.Debug|Mixed Platforms.ActiveCfg = Debug|Any CPU
		{EDFBF6E5-A115-4665-8692-8D422A720AF4}.Debug|Mixed Platforms.Build.0 = Debug|Any CPU
		{EDFBF6E5-A115-4665-8692-8D422A720AF4}.Debug|x86.ActiveCfg = Debug|Any CPU
		{EDFBF6E5-A115-4665-8692-8D422A720AF4}.Release|Any CPU.ActiveCfg = Release|Any CPU
		{EDFBF6E5-A115-4665-8692-8D422A720AF4}.Release|Any CPU.Build.0 = Release|Any CPU
		{EDFBF6E5-A115-4665-8692-8D422A720AF4}.Release|Mixed Platforms.ActiveCfg = Release|Any CPU
		{EDFBF6E5-A115-4665-8692-8D422A720AF4}.Release|Mixed Platforms.Build.0 = Release|Any CPU
		{EDFBF6E5-A115-4665-8692-8D422A720AF4}.Release|x86.ActiveCfg = Release|Any CPU
		{5E858BF9-CA2A-4D12-A17D-F3E7871AF498}.Debug|Any CPU.ActiveCfg = Debug|Any CPU
		{5E858BF9-CA2A-4D12-A17D-F3E7871AF498}.Debug|Any CPU.Build.0 = Debug|Any CPU
		{5E858BF9-CA2A-4D12-A17D-F3E7871AF498}.Debug|Mixed Platforms.ActiveCfg = Debug|Any CPU
		{5E858BF9-CA2A-4D12-A17D-F3E7871AF498}.Debug|Mixed Platforms.Build.0 = Debug|Any CPU
		{5E858BF9-CA2A-4D12-A17D-F3E7871AF498}.Debug|x86.ActiveCfg = Debug|Any CPU
		{5E858BF9-CA2A-4D12-A17D-F3E7871AF498}.Release|Any CPU.ActiveCfg = Release|Any CPU
		{5E858BF9-CA2A-4D12-A17D-F3E7871AF498}.Release|Any CPU.Build.0 = Release|Any CPU
		{5E858BF9-CA2A-4D12-A17D-F3E7871AF498}.Release|Mixed Platforms.ActiveCfg = Release|Any CPU
		{5E858BF9-CA2A-4D12-A17D-F3E7871AF498}.Release|Mixed Platforms.Build.0 = Release|Any CPU
		{5E858BF9-CA2A-4D12-A17D-F3E7871AF498}.Release|x86.ActiveCfg = Release|Any CPU
		{D2575DCF-93D2-49D0-9A44-298EC0617F5D}.Debug|Any CPU.ActiveCfg = Debug|Any CPU
		{D2575DCF-93D2-49D0-9A44-298EC0617F5D}.Debug|Any CPU.Build.0 = Debug|Any CPU
		{D2575DCF-93D2-49D0-9A44-298EC0617F5D}.Debug|Mixed Platforms.ActiveCfg = Debug|Any CPU
		{D2575DCF-93D2-49D0-9A44-298EC0617F5D}.Debug|Mixed Platforms.Build.0 = Debug|Any CPU
		{D2575DCF-93D2-49D0-9A44-298EC0617F5D}.Debug|x86.ActiveCfg = Debug|Any CPU
		{D2575DCF-93D2-49D0-9A44-298EC0617F5D}.Release|Any CPU.ActiveCfg = Release|Any CPU
		{D2575DCF-93D2-49D0-9A44-298EC0617F5D}.Release|Any CPU.Build.0 = Release|Any CPU
		{D2575DCF-93D2-49D0-9A44-298EC0617F5D}.Release|Mixed Platforms.ActiveCfg = Release|Any CPU
		{D2575DCF-93D2-49D0-9A44-298EC0617F5D}.Release|Mixed Platforms.Build.0 = Release|Any CPU
		{D2575DCF-93D2-49D0-9A44-298EC0617F5D}.Release|x86.ActiveCfg = Release|Any CPU
		{8FE786CB-7964-41CE-83F6-790E7329EE88}.Debug|Any CPU.ActiveCfg = Debug|x86
		{8FE786CB-7964-41CE-83F6-790E7329EE88}.Debug|Any CPU.Build.0 = Debug|x86
		{8FE786CB-7964-41CE-83F6-790E7329EE88}.Debug|Mixed Platforms.ActiveCfg = Debug|x86
		{8FE786CB-7964-41CE-83F6-790E7329EE88}.Debug|Mixed Platforms.Build.0 = Debug|x86
		{8FE786CB-7964-41CE-83F6-790E7329EE88}.Debug|x86.ActiveCfg = Debug|x86
		{8FE786CB-7964-41CE-83F6-790E7329EE88}.Debug|x86.Build.0 = Debug|x86
		{8FE786CB-7964-41CE-83F6-790E7329EE88}.Release|Any CPU.ActiveCfg = Release|x86
		{8FE786CB-7964-41CE-83F6-790E7329EE88}.Release|Mixed Platforms.ActiveCfg = Release|x86
		{8FE786CB-7964-41CE-83F6-790E7329EE88}.Release|Mixed Platforms.Build.0 = Release|x86
		{8FE786CB-7964-41CE-83F6-790E7329EE88}.Release|x86.ActiveCfg = Release|x86
		{8FE786CB-7964-41CE-83F6-790E7329EE88}.Release|x86.Build.0 = Release|x86
		{08384C35-E819-4CD3-B35F-36E646905ED8}.Debug|Any CPU.ActiveCfg = Debug|Any CPU
		{08384C35-E819-4CD3-B35F-36E646905ED8}.Debug|Any CPU.Build.0 = Debug|Any CPU
		{08384C35-E819-4CD3-B35F-36E646905ED8}.Debug|Mixed Platforms.ActiveCfg = Debug|Any CPU
		{08384C35-E819-4CD3-B35F-36E646905ED8}.Debug|Mixed Platforms.Build.0 = Debug|Any CPU
		{08384C35-E819-4CD3-B35F-36E646905ED8}.Debug|x86.ActiveCfg = Debug|Any CPU
		{08384C35-E819-4CD3-B35F-36E646905ED8}.Release|Any CPU.ActiveCfg = Release|Any CPU
		{08384C35-E819-4CD3-B35F-36E646905ED8}.Release|Any CPU.Build.0 = Release|Any CPU
		{08384C35-E819-4CD3-B35F-36E646905ED8}.Release|Mixed Platforms.ActiveCfg = Release|Any CPU
		{08384C35-E819-4CD3-B35F-36E646905ED8}.Release|Mixed Platforms.Build.0 = Release|Any CPU
		{08384C35-E819-4CD3-B35F-36E646905ED8}.Release|x86.ActiveCfg = Release|Any CPU
		{D678076D-ED05-4A21-933F-1E43F07B3FC0}.Debug|Any CPU.ActiveCfg = Debug|Any CPU
		{D678076D-ED05-4A21-933F-1E43F07B3FC0}.Debug|Any CPU.Build.0 = Debug|Any CPU
		{D678076D-ED05-4A21-933F-1E43F07B3FC0}.Debug|Mixed Platforms.ActiveCfg = Debug|Any CPU
		{D678076D-ED05-4A21-933F-1E43F07B3FC0}.Debug|Mixed Platforms.Build.0 = Debug|Any CPU
		{D678076D-ED05-4A21-933F-1E43F07B3FC0}.Debug|x86.ActiveCfg = Debug|Any CPU
		{D678076D-ED05-4A21-933F-1E43F07B3FC0}.Release|Any CPU.ActiveCfg = Release|Any CPU
		{D678076D-ED05-4A21-933F-1E43F07B3FC0}.Release|Any CPU.Build.0 = Release|Any CPU
		{D678076D-ED05-4A21-933F-1E43F07B3FC0}.Release|Mixed Platforms.ActiveCfg = Release|Any CPU
		{D678076D-ED05-4A21-933F-1E43F07B3FC0}.Release|Mixed Platforms.Build.0 = Release|Any CPU
		{D678076D-ED05-4A21-933F-1E43F07B3FC0}.Release|x86.ActiveCfg = Release|Any CPU
		{456BCA0D-FF86-45C1-864D-599D93B4F455}.Debug|Any CPU.ActiveCfg = Debug|Any CPU
		{456BCA0D-FF86-45C1-864D-599D93B4F455}.Debug|Any CPU.Build.0 = Debug|Any CPU
		{456BCA0D-FF86-45C1-864D-599D93B4F455}.Debug|Mixed Platforms.ActiveCfg = Debug|Any CPU
		{456BCA0D-FF86-45C1-864D-599D93B4F455}.Debug|Mixed Platforms.Build.0 = Debug|Any CPU
		{456BCA0D-FF86-45C1-864D-599D93B4F455}.Debug|x86.ActiveCfg = Debug|Any CPU
		{456BCA0D-FF86-45C1-864D-599D93B4F455}.Release|Any CPU.ActiveCfg = Release|Any CPU
		{456BCA0D-FF86-45C1-864D-599D93B4F455}.Release|Any CPU.Build.0 = Release|Any CPU
		{456BCA0D-FF86-45C1-864D-599D93B4F455}.Release|Mixed Platforms.ActiveCfg = Release|Any CPU
		{456BCA0D-FF86-45C1-864D-599D93B4F455}.Release|Mixed Platforms.Build.0 = Release|Any CPU
		{456BCA0D-FF86-45C1-864D-599D93B4F455}.Release|x86.ActiveCfg = Release|Any CPU
	EndGlobalSection
	GlobalSection(SolutionProperties) = preSolution
		HideSolutionNode = FALSE
	EndGlobalSection
	GlobalSection(NestedProjects) = preSolution
		{53A10C37-4A0D-4EAB-8438-A58C05B3AD40} = {7A54D499-CD5F-4665-AA62-1A8BB78BBF5B}
		{653CB58F-504A-484D-9629-0E25B14D1EA5} = {7A54D499-CD5F-4665-AA62-1A8BB78BBF5B}
		{EDFBF6E5-A115-4665-8692-8D422A720AF4} = {7A54D499-CD5F-4665-AA62-1A8BB78BBF5B}
		{5E858BF9-CA2A-4D12-A17D-F3E7871AF498} = {7A54D499-CD5F-4665-AA62-1A8BB78BBF5B}
		{D2575DCF-93D2-49D0-9A44-298EC0617F5D} = {7A54D499-CD5F-4665-AA62-1A8BB78BBF5B}
		{456BCA0D-FF86-45C1-864D-599D93B4F455} = {7A54D499-CD5F-4665-AA62-1A8BB78BBF5B}
		{9369AC4A-58EB-4730-A98C-595B7BA5538E} = {B99A70E1-AE2D-4A14-AD3E-8DFC71B83FC9}
		{698750ED-B3C1-4135-BC6E-20487E7DD0BA} = {B99A70E1-AE2D-4A14-AD3E-8DFC71B83FC9}
		{98DB42FC-A4F3-4033-BDFF-BC10821E8D4B} = {B99A70E1-AE2D-4A14-AD3E-8DFC71B83FC9}
		{3F228B50-30D1-4A76-BAD3-4A0259770ED9} = {B99A70E1-AE2D-4A14-AD3E-8DFC71B83FC9}
		{5E0BB65B-B199-41FE-9A89-46B5991135BB} = {20D8AE50-F916-451A-8FAF-E1CC76182E69}
		{CCDE33E3-3230-4757-9BD4-F84F9FB7D730} = {5E0BB65B-B199-41FE-9A89-46B5991135BB}
		{8FE786CB-7964-41CE-83F6-790E7329EE88} = {CCDE33E3-3230-4757-9BD4-F84F9FB7D730}
		{08384C35-E819-4CD3-B35F-36E646905ED8} = {CCDE33E3-3230-4757-9BD4-F84F9FB7D730}
		{D678076D-ED05-4A21-933F-1E43F07B3FC0} = {CCDE33E3-3230-4757-9BD4-F84F9FB7D730}
	EndGlobalSection
EndGlobal
