
Microsoft Visual Studio Solution File, Format Version 11.00
# Visual Studio 2010
Project("{2150E333-8FDC-42A3-9474-1A3956D46DE8}") = "UnitTests", "UnitTests", "{7A54D499-CD5F-4665-AA62-1A8BB78BBF5B}"
EndProject
Project("{2150E333-8FDC-42A3-9474-1A3956D46DE8}") = "Logic", "Logic", "{B99A70E1-AE2D-4A14-AD3E-8DFC71B83FC9}"
EndProject
Project("{FAE04EC0-301F-11D3-BF4B-00C04F79EFBC}") = "FuzzyComparers", "Logic\FuzzyComparers\FuzzyComparers.csproj", "{9369AC4A-58EB-4730-A98C-595B7BA5538E}"
EndProject
Project("{FAE04EC0-301F-11D3-BF4B-00C04F79EFBC}") = "FuzzyCore", "Logic\FuzzySet\FuzzyCore.csproj", "{698750ED-B3C1-4135-BC6E-20487E7DD0BA}"
EndProject
Project("{FAE04EC0-301F-11D3-BF4B-00C04F79EFBC}") = "FitnessFunctions", "Logic\FuzzySetFitnessFunctions\FitnessFunctions.csproj", "{98DB42FC-A4F3-4033-BDFF-BC10821E8D4B}"
EndProject
Project("{FAE04EC0-301F-11D3-BF4B-00C04F79EFBC}") = "FuzzySetOperations", "Logic\FuzzySetOperations\FuzzySetOperations.csproj", "{3F228B50-30D1-4A76-BAD3-4A0259770ED9}"
EndProject
Project("{FAE04EC0-301F-11D3-BF4B-00C04F79EFBC}") = "FitnessFunctionsTests", "Tests\LogicTests\FitnessFunctionsTests\FitnessFunctionsTests.csproj", "{53A10C37-4A0D-4EAB-8438-A58C05B3AD40}"
EndProject
Project("{FAE04EC0-301F-11D3-BF4B-00C04F79EFBC}") = "FuzzyComparersTests", "Tests\LogicTests\FuzzyComparersTests\FuzzyComparersTests.csproj", "{653CB58F-504A-484D-9629-0E25B14D1EA5}"
EndProject
Project("{FAE04EC0-301F-11D3-BF4B-00C04F79EFBC}") = "FuzzySetsOperationTests", "Tests\LogicTests\FuzzySetsOperationTests\FuzzySetsOperationTests.csproj", "{EDFBF6E5-A115-4665-8692-8D422A720AF4}"
EndProject
Project("{FAE04EC0-301F-11D3-BF4B-00C04F79EFBC}") = "FuzzySetTests", "Tests\LogicTests\FuzzySetTests\FuzzySetTests.csproj", "{5E858BF9-CA2A-4D12-A17D-F3E7871AF498}"
EndProject
Project("{FAE04EC0-301F-11D3-BF4B-00C04F79EFBC}") = "TestStubs", "Tests\LogicTests\TestStubs\TestStubs.csproj", "{D2575DCF-93D2-49D0-9A44-298EC0617F5D}"
EndProject
Global
	GlobalSection(SolutionConfigurationPlatforms) = preSolution
		Debug|Any CPU = Debug|Any CPU
		Release|Any CPU = Release|Any CPU
	EndGlobalSection
	GlobalSection(ProjectConfigurationPlatforms) = postSolution
		{9369AC4A-58EB-4730-A98C-595B7BA5538E}.Debug|Any CPU.ActiveCfg = Debug|Any CPU
		{9369AC4A-58EB-4730-A98C-595B7BA5538E}.Debug|Any CPU.Build.0 = Debug|Any CPU
		{9369AC4A-58EB-4730-A98C-595B7BA5538E}.Release|Any CPU.ActiveCfg = Release|Any CPU
		{9369AC4A-58EB-4730-A98C-595B7BA5538E}.Release|Any CPU.Build.0 = Release|Any CPU
		{698750ED-B3C1-4135-BC6E-20487E7DD0BA}.Debug|Any CPU.ActiveCfg = Debug|Any CPU
		{698750ED-B3C1-4135-BC6E-20487E7DD0BA}.Debug|Any CPU.Build.0 = Debug|Any CPU
		{698750ED-B3C1-4135-BC6E-20487E7DD0BA}.Release|Any CPU.ActiveCfg = Release|Any CPU
		{698750ED-B3C1-4135-BC6E-20487E7DD0BA}.Release|Any CPU.Build.0 = Release|Any CPU
		{98DB42FC-A4F3-4033-BDFF-BC10821E8D4B}.Debug|Any CPU.ActiveCfg = Debug|Any CPU
		{98DB42FC-A4F3-4033-BDFF-BC10821E8D4B}.Debug|Any CPU.Build.0 = Debug|Any CPU
		{98DB42FC-A4F3-4033-BDFF-BC10821E8D4B}.Release|Any CPU.ActiveCfg = Release|Any CPU
		{98DB42FC-A4F3-4033-BDFF-BC10821E8D4B}.Release|Any CPU.Build.0 = Release|Any CPU
		{3F228B50-30D1-4A76-BAD3-4A0259770ED9}.Debug|Any CPU.ActiveCfg = Debug|Any CPU
		{3F228B50-30D1-4A76-BAD3-4A0259770ED9}.Debug|Any CPU.Build.0 = Debug|Any CPU
		{3F228B50-30D1-4A76-BAD3-4A0259770ED9}.Release|Any CPU.ActiveCfg = Release|Any CPU
		{3F228B50-30D1-4A76-BAD3-4A0259770ED9}.Release|Any CPU.Build.0 = Release|Any CPU
		{53A10C37-4A0D-4EAB-8438-A58C05B3AD40}.Debug|Any CPU.ActiveCfg = Debug|Any CPU
		{53A10C37-4A0D-4EAB-8438-A58C05B3AD40}.Debug|Any CPU.Build.0 = Debug|Any CPU
		{53A10C37-4A0D-4EAB-8438-A58C05B3AD40}.Release|Any CPU.ActiveCfg = Release|Any CPU
		{53A10C37-4A0D-4EAB-8438-A58C05B3AD40}.Release|Any CPU.Build.0 = Release|Any CPU
		{653CB58F-504A-484D-9629-0E25B14D1EA5}.Debug|Any CPU.ActiveCfg = Debug|Any CPU
		{653CB58F-504A-484D-9629-0E25B14D1EA5}.Debug|Any CPU.Build.0 = Debug|Any CPU
		{653CB58F-504A-484D-9629-0E25B14D1EA5}.Release|Any CPU.ActiveCfg = Release|Any CPU
		{653CB58F-504A-484D-9629-0E25B14D1EA5}.Release|Any CPU.Build.0 = Release|Any CPU
		{EDFBF6E5-A115-4665-8692-8D422A720AF4}.Debug|Any CPU.ActiveCfg = Debug|Any CPU
		{EDFBF6E5-A115-4665-8692-8D422A720AF4}.Debug|Any CPU.Build.0 = Debug|Any CPU
		{EDFBF6E5-A115-4665-8692-8D422A720AF4}.Release|Any CPU.ActiveCfg = Release|Any CPU
		{EDFBF6E5-A115-4665-8692-8D422A720AF4}.Release|Any CPU.Build.0 = Release|Any CPU
		{5E858BF9-CA2A-4D12-A17D-F3E7871AF498}.Debug|Any CPU.ActiveCfg = Debug|Any CPU
		{5E858BF9-CA2A-4D12-A17D-F3E7871AF498}.Debug|Any CPU.Build.0 = Debug|Any CPU
		{5E858BF9-CA2A-4D12-A17D-F3E7871AF498}.Release|Any CPU.ActiveCfg = Release|Any CPU
		{5E858BF9-CA2A-4D12-A17D-F3E7871AF498}.Release|Any CPU.Build.0 = Release|Any CPU
		{D2575DCF-93D2-49D0-9A44-298EC0617F5D}.Debug|Any CPU.ActiveCfg = Debug|Any CPU
		{D2575DCF-93D2-49D0-9A44-298EC0617F5D}.Debug|Any CPU.Build.0 = Debug|Any CPU
		{D2575DCF-93D2-49D0-9A44-298EC0617F5D}.Release|Any CPU.ActiveCfg = Release|Any CPU
		{D2575DCF-93D2-49D0-9A44-298EC0617F5D}.Release|Any CPU.Build.0 = Release|Any CPU
	EndGlobalSection
	GlobalSection(SolutionProperties) = preSolution
		HideSolutionNode = FALSE
	EndGlobalSection
	GlobalSection(NestedProjects) = preSolution
		{9369AC4A-58EB-4730-A98C-595B7BA5538E} = {B99A70E1-AE2D-4A14-AD3E-8DFC71B83FC9}
		{698750ED-B3C1-4135-BC6E-20487E7DD0BA} = {B99A70E1-AE2D-4A14-AD3E-8DFC71B83FC9}
		{98DB42FC-A4F3-4033-BDFF-BC10821E8D4B} = {B99A70E1-AE2D-4A14-AD3E-8DFC71B83FC9}
		{3F228B50-30D1-4A76-BAD3-4A0259770ED9} = {B99A70E1-AE2D-4A14-AD3E-8DFC71B83FC9}
		{53A10C37-4A0D-4EAB-8438-A58C05B3AD40} = {7A54D499-CD5F-4665-AA62-1A8BB78BBF5B}
		{653CB58F-504A-484D-9629-0E25B14D1EA5} = {7A54D499-CD5F-4665-AA62-1A8BB78BBF5B}
		{EDFBF6E5-A115-4665-8692-8D422A720AF4} = {7A54D499-CD5F-4665-AA62-1A8BB78BBF5B}
		{5E858BF9-CA2A-4D12-A17D-F3E7871AF498} = {7A54D499-CD5F-4665-AA62-1A8BB78BBF5B}
		{D2575DCF-93D2-49D0-9A44-298EC0617F5D} = {7A54D499-CD5F-4665-AA62-1A8BB78BBF5B}
	EndGlobalSection
EndGlobal
